
Microsoft Visual Studio Solution File, Format Version 12.00
# Visual Studio Version 17
VisualStudioVersion = 17.14.36908.2 d17.14
MinimumVisualStudioVersion = 10.0.40219.1
Project("{FAE04EC0-301F-11D3-BF4B-00C04F79EFBC}") = "LoveMatch", "LoveMatch\LoveMatch.csproj", "{B476536A-9FA1-4714-A4A9-9A230B53C336}"
EndProject
Global
	GlobalSection(SolutionConfigurationPlatforms) = preSolution
		Debug|Any CPU = Debug|Any CPU
		Release|Any CPU = Release|Any CPU
	EndGlobalSection
	GlobalSection(ProjectConfigurationPlatforms) = postSolution
		{B476536A-9FA1-4714-A4A9-9A230B53C336}.Debug|Any CPU.ActiveCfg = Debug|Any CPU
		{B476536A-9FA1-4714-A4A9-9A230B53C336}.Debug|Any CPU.Build.0 = Debug|Any CPU
		{B476536A-9FA1-4714-A4A9-9A230B53C336}.Release|Any CPU.ActiveCfg = Release|Any CPU
		{B476536A-9FA1-4714-A4A9-9A230B53C336}.Release|Any CPU.Build.0 = Release|Any CPU
	EndGlobalSection
	GlobalSection(SolutionProperties) = preSolution
		HideSolutionNode = FALSE
	EndGlobalSection
	GlobalSection(ExtensibilityGlobals) = postSolution
		SolutionGuid = {AB5517C9-2696-465B-BDD3-E597829DB2C6}
	EndGlobalSection
EndGlobal
